
Microsoft Visual Studio Solution File, Format Version 12.00
# Visual Studio Version 16
VisualStudioVersion = 16.0.31410.357
MinimumVisualStudioVersion = 10.0.40219.1
Project("{9A19103F-16F7-4668-BE54-9A1E7A4F7556}") = "Task_1", "Task_1\Task_1.csproj", "{30CE00AD-05E1-42AE-8FED-E90280A64E3D}"
EndProject
Project("{9A19103F-16F7-4668-BE54-9A1E7A4F7556}") = "Task_2", "Task_2\Task_2.csproj", "{AB74F559-0944-49E8-8FBA-1DD5168CDB2E}"
EndProject
Project("{9A19103F-16F7-4668-BE54-9A1E7A4F7556}") = "Task_3", "Task_3\Task_3.csproj", "{A6A45ADE-144E-4403-BF4D-E62023B1F16A}"
EndProject
Global
	GlobalSection(SolutionConfigurationPlatforms) = preSolution
		Debug|Any CPU = Debug|Any CPU
		Release|Any CPU = Release|Any CPU
	EndGlobalSection
	GlobalSection(ProjectConfigurationPlatforms) = postSolution
		{30CE00AD-05E1-42AE-8FED-E90280A64E3D}.Debug|Any CPU.ActiveCfg = Debug|Any CPU
		{30CE00AD-05E1-42AE-8FED-E90280A64E3D}.Debug|Any CPU.Build.0 = Debug|Any CPU
		{30CE00AD-05E1-42AE-8FED-E90280A64E3D}.Release|Any CPU.ActiveCfg = Release|Any CPU
		{30CE00AD-05E1-42AE-8FED-E90280A64E3D}.Release|Any CPU.Build.0 = Release|Any CPU
		{AB74F559-0944-49E8-8FBA-1DD5168CDB2E}.Debug|Any CPU.ActiveCfg = Debug|Any CPU
		{AB74F559-0944-49E8-8FBA-1DD5168CDB2E}.Debug|Any CPU.Build.0 = Debug|Any CPU
		{AB74F559-0944-49E8-8FBA-1DD5168CDB2E}.Release|Any CPU.ActiveCfg = Release|Any CPU
		{AB74F559-0944-49E8-8FBA-1DD5168CDB2E}.Release|Any CPU.Build.0 = Release|Any CPU
		{A6A45ADE-144E-4403-BF4D-E62023B1F16A}.Debug|Any CPU.ActiveCfg = Debug|Any CPU
		{A6A45ADE-144E-4403-BF4D-E62023B1F16A}.Debug|Any CPU.Build.0 = Debug|Any CPU
		{A6A45ADE-144E-4403-BF4D-E62023B1F16A}.Release|Any CPU.ActiveCfg = Release|Any CPU
		{A6A45ADE-144E-4403-BF4D-E62023B1F16A}.Release|Any CPU.Build.0 = Release|Any CPU
	EndGlobalSection
	GlobalSection(SolutionProperties) = preSolution
		HideSolutionNode = FALSE
	EndGlobalSection
	GlobalSection(ExtensibilityGlobals) = postSolution
		SolutionGuid = {675122E8-1448-430D-B6DE-56FC78F6707E}
	EndGlobalSection
EndGlobal
