
Microsoft Visual Studio Solution File, Format Version 12.00
# Visual Studio Version 16
VisualStudioVersion = 16.0.31624.102
MinimumVisualStudioVersion = 10.0.40219.1
Project("{FAE04EC0-301F-11D3-BF4B-00C04F79EFBC}") = "Lesson_7", "Lesson_7\Lesson_7.csproj", "{0DBFD668-6CB1-4337-A9ED-9EEB6274D00E}"
EndProject
Global
	GlobalSection(SolutionConfigurationPlatforms) = preSolution
		Debug|Any CPU = Debug|Any CPU
		Release|Any CPU = Release|Any CPU
	EndGlobalSection
	GlobalSection(ProjectConfigurationPlatforms) = postSolution
		{0DBFD668-6CB1-4337-A9ED-9EEB6274D00E}.Debug|Any CPU.ActiveCfg = Debug|Any CPU
		{0DBFD668-6CB1-4337-A9ED-9EEB6274D00E}.Debug|Any CPU.Build.0 = Debug|Any CPU
		{0DBFD668-6CB1-4337-A9ED-9EEB6274D00E}.Release|Any CPU.ActiveCfg = Release|Any CPU
		{0DBFD668-6CB1-4337-A9ED-9EEB6274D00E}.Release|Any CPU.Build.0 = Release|Any CPU
	EndGlobalSection
	GlobalSection(SolutionProperties) = preSolution
		HideSolutionNode = FALSE
	EndGlobalSection
	GlobalSection(ExtensibilityGlobals) = postSolution
		SolutionGuid = {AB06F634-1C18-44CA-9A65-6DB4127EED0C}
	EndGlobalSection
EndGlobal
